
Microsoft Visual Studio Solution File, Format Version 12.00
# Visual Studio Version 16
VisualStudioVersion = 16.0.808.0
MinimumVisualStudioVersion = 10.0.40219.1
Project("{FAE04EC0-301F-11D3-BF4B-00C04F79EFBC}") = "Softelon.Core", "Softelon.Core\Softelon.Core.csproj", "{BF328F62-1F92-4917-A9F3-A3DD19BFE089}"
EndProject
Global
	GlobalSection(SolutionConfigurationPlatforms) = preSolution
		Debug|Any CPU = Debug|Any CPU
		Release|Any CPU = Release|Any CPU
	EndGlobalSection
	GlobalSection(ProjectConfigurationPlatforms) = postSolution
		{BF328F62-1F92-4917-A9F3-A3DD19BFE089}.Debug|Any CPU.ActiveCfg = Debug|Any CPU
		{BF328F62-1F92-4917-A9F3-A3DD19BFE089}.Debug|Any CPU.Build.0 = Debug|Any CPU
		{BF328F62-1F92-4917-A9F3-A3DD19BFE089}.Release|Any CPU.ActiveCfg = Release|Any CPU
		{BF328F62-1F92-4917-A9F3-A3DD19BFE089}.Release|Any CPU.Build.0 = Release|Any CPU
	EndGlobalSection
	GlobalSection(SolutionProperties) = preSolution
		HideSolutionNode = FALSE
	EndGlobalSection
	GlobalSection(ExtensibilityGlobals) = postSolution
		SolutionGuid = {16E82CEA-C862-4C4C-875C-4B5A017AD692}
	EndGlobalSection
EndGlobal
